// !$*UTF8*$!
{
	archiveVersion = 1;
	classes = {
	};
	objectVersion = 46;
	objects = {

/* Begin PBXBuildFile section */
		0207DA581B56EA530066E2B4 /* Images.xcassets in Resources */ = {isa = PBXBuildFile; fileRef = 0207DA571B56EA530066E2B4 /* Images.xcassets */; };
		08C3C29804DD4A9F886A23D4 /* NetTester.m in Sources */ = {isa = PBXBuildFile; fileRef = CCD3EC6119C84CEB8132CBDF /* NetTester.m */; };
		0BB81122F89347628821B59E /* CDVFile.m in Sources */ = {isa = PBXBuildFile; fileRef = D88FD4270BB444EF9151644A /* CDVFile.m */; };
		0D9A3BB4D76C47829BA3585D /* FilePicker.m in Sources */ = {isa = PBXBuildFile; fileRef = C14A513BDBEF4B6AB3A69B52 /* FilePicker.m */; };
		1172CC57A3F44B7B97656535 /* CDVWKInAppBrowserUIDelegate.m in Sources */ = {isa = PBXBuildFile; fileRef = B5DD275F49754A22AB7A3851 /* CDVWKInAppBrowserUIDelegate.m */; };
		15FBC4F7D44D42F8A705B212 /* DNSCryptApp.entitlements in Resources */ = {isa = PBXBuildFile; fileRef = 3A2ECFCDB0264C2EAB49E8EE /* DNSCryptApp.entitlements */; };
		1CF14032BDF44199BE62BA96 /* WebKit.framework in Frameworks */ = {isa = PBXBuildFile; fileRef = ED7F421EE56449378FBF5C87 /* WebKit.framework */; settings = {ATTRIBUTES = (Weak, ); }; };
		1D3623260D0F684500981E51 /* AppDelegate.m in Sources */ = {isa = PBXBuildFile; fileRef = 1D3623250D0F684500981E51 /* AppDelegate.m */; };
		1D60589B0D05DD56006BFB54 /* main.m in Sources */ = {isa = PBXBuildFile; fileRef = 29B97316FDCFA39411CA2CEA /* main.m */; };
		28687504A0334FC4BF0813DC /* CDVNotification.bundle in Resources */ = {isa = PBXBuildFile; fileRef = 999E98F2519D43F9836F6E32 /* CDVNotification.bundle */; };
		296FD9EB3D474C1899615548 /* CordovaDnstool.swift in Sources */ = {isa = PBXBuildFile; fileRef = 553E5234A3214689830F7A50 /* CordovaDnstool.swift */; };
		301BF552109A68D80062928A /* libCordova.a in Frameworks */ = {isa = PBXBuildFile; fileRef = 301BF535109A57CC0062928A /* libCordova.a */; settings = {ATTRIBUTES = (Required, ); }; };
		302D95F114D2391D003F00A1 /* MainViewController.m in Sources */ = {isa = PBXBuildFile; fileRef = 302D95EF14D2391D003F00A1 /* MainViewController.m */; };
		302D95F214D2391D003F00A1 /* MainViewController.xib in Resources */ = {isa = PBXBuildFile; fileRef = 302D95F014D2391D003F00A1 /* MainViewController.xib */; };
		36E32200A4114B19A978EBE4 /* JKLLockScreenPincodeView.m in Sources */ = {isa = PBXBuildFile; fileRef = 02AA023E6D5244CEAA1DD9DC /* JKLLockScreenPincodeView.m */; };
		3D925F093A6F4B12A83855C5 /* CDVLocalFilesystem.m in Sources */ = {isa = PBXBuildFile; fileRef = DAA71E1A02ED43CCBBFB2EBB /* CDVLocalFilesystem.m */; };
		4F79AB2D4323495A9C611D39 /* MessageUI.framework in Frameworks */ = {isa = PBXBuildFile; fileRef = D25E22635A274049BA479ECA /* MessageUI.framework */; settings = {ATTRIBUTES = (Weak, ); }; };
		5D577B03ECA3447F89EAC84C /* CDVSplashScreen.m in Sources */ = {isa = PBXBuildFile; fileRef = 15C69092B2724B228B121B94 /* CDVSplashScreen.m */; };
		5F06A85C77F54C68844697DA /* NSString+SSURLEncoding.m in Sources */ = {isa = PBXBuildFile; fileRef = D0C1671D8E84435BAF2108E1 /* NSString+SSURLEncoding.m */; };
		60CE06B259BF4492A8F68B79 /* NativeStorage.m in Sources */ = {isa = PBXBuildFile; fileRef = A4BFDAD7FFC846CA891E23BA /* NativeStorage.m */; };
		620424151FA44DF6BB239346 /* CDVWKProcessPoolFactory.m in Sources */ = {isa = PBXBuildFile; fileRef = 47537E603872452E8B00F527 /* CDVWKProcessPoolFactory.m */; };
		633EF3E91FF2AF49009E9EC1 /* PacketTunnelProvider.m in Sources */ = {isa = PBXBuildFile; fileRef = 633EF3E81FF2AF49009E9EC1 /* PacketTunnelProvider.m */; };
		633EF3ED1FF2AF49009E9EC1 /* DNSCryptAppExt.appex in Embed App Extensions */ = {isa = PBXBuildFile; fileRef = 633EF3E31FF2AF49009E9EC1 /* DNSCryptAppExt.appex */; settings = {ATTRIBUTES = (RemoveHeadersOnCopy, ); }; };
		633EF4071FF2B232009E9EC1 /* DNSCryptThread.m in Sources */ = {isa = PBXBuildFile; fileRef = 633EF4031FF2B231009E9EC1 /* DNSCryptThread.m */; };
		635E7B45204550550037AD6C /* Dnscryptproxy.framework in Frameworks */ = {isa = PBXBuildFile; fileRef = 638A32642010D4D0004B5D2C /* Dnscryptproxy.framework */; };
		635E7B4F2045ABA90037AD6C /* Migrator.m in Sources */ = {isa = PBXBuildFile; fileRef = 635E7B4E2045ABA90037AD6C /* Migrator.m */; };
		635E7BB3204998C60037AD6C /* Migrator.m in Sources */ = {isa = PBXBuildFile; fileRef = 635E7B4E2045ABA90037AD6C /* Migrator.m */; };
		63613804221170770096FE34 /* NetworkExtension.framework in Frameworks */ = {isa = PBXBuildFile; fileRef = 6399AF4A201B640E00A40B5B /* NetworkExtension.framework */; };
		636411292080B1FE00C15146 /* Reachability.m in Sources */ = {isa = PBXBuildFile; fileRef = 636411262080B1FE00C15146 /* Reachability.m */; };
		637BAF302118427100948740 /* Dnscryptproxy.framework in Frameworks */ = {isa = PBXBuildFile; fileRef = 638A32642010D4D0004B5D2C /* Dnscryptproxy.framework */; };
		6399AF4B201B640E00A40B5B /* NetworkExtension.framework in Frameworks */ = {isa = PBXBuildFile; fileRef = 6399AF4A201B640E00A40B5B /* NetworkExtension.framework */; };
		63D63F25224E3D3F00220379 /* NetTester.m in Sources */ = {isa = PBXBuildFile; fileRef = CCD3EC6119C84CEB8132CBDF /* NetTester.m */; };
		6834E757A4EF44FF98F9BE1F /* CDVWKInAppBrowser.m in Sources */ = {isa = PBXBuildFile; fileRef = FCCF9E258B784E57A3443422 /* CDVWKInAppBrowser.m */; };
		6859A942E917485282F2E07F /* Social.framework in Frameworks */ = {isa = PBXBuildFile; fileRef = D2B9E3F31C4B4EA7A142491D /* Social.framework */; settings = {ATTRIBUTES = (Weak, ); }; };
		6A4F02F6CD1341C7AF2DC928 /* CDVViewController+SplashScreen.m in Sources */ = {isa = PBXBuildFile; fileRef = AB2A548FD87E4659A35ED816 /* CDVViewController+SplashScreen.m */; };
		6AFF5BF91D6E424B00AB3073 /* CDVLaunchScreen.storyboard in Resources */ = {isa = PBXBuildFile; fileRef = 6AFF5BF81D6E424B00AB3073 /* CDVLaunchScreen.storyboard */; };
		6FED4F97C8F64ECEA5E720ED /* CDVAppRate.m in Sources */ = {isa = PBXBuildFile; fileRef = 46A9EB4B3F584DE1B3B19279 /* CDVAppRate.m */; };
		7AF96471261445E684589F9D /* CDVIonicKeyboard.m in Sources */ = {isa = PBXBuildFile; fileRef = 4B42C6F892F2498396D84243 /* CDVIonicKeyboard.m */; };
		7DDB42FCCBBB4557A2B26614 /* JKLLockScreenViewController.xib in Resources */ = {isa = PBXBuildFile; fileRef = E19E01F30E0B43A5BFFB0EB9 /* JKLLockScreenViewController.xib */; };
		826057D27E4645518690FAC5 /* AppPreferences.m in Sources */ = {isa = PBXBuildFile; fileRef = 3E636B98DE5C4D539563F973 /* AppPreferences.m */; };
		8C5B114FF44C470680528F11 /* CDVWKWebViewEngine.m in Sources */ = {isa = PBXBuildFile; fileRef = 1A02B4E35B28476CB35CABF3 /* CDVWKWebViewEngine.m */; };
		9968253A4EDC47B7B10BA7B8 /* LockScreen.strings in Resources */ = {isa = PBXBuildFile; fileRef = BFD6FF5CF4C44CADA72F0020 /* LockScreen.strings */; };
		9E7C0B76E4A945DD823B2C44 /* CDVStatusBar.m in Sources */ = {isa = PBXBuildFile; fileRef = D47D56191F554260B63D0681 /* CDVStatusBar.m */; };
		A7B44292AF0F45F186EF39EE /* CordovaPinlock.swift in Sources */ = {isa = PBXBuildFile; fileRef = D2FBA05D09F44DAA987AC810 /* CordovaPinlock.swift */; };
		ACB187812C304F7DA6727DF9 /* AudioToolbox.framework in Frameworks */ = {isa = PBXBuildFile; fileRef = 6F6980CF905445DD96A70D3E /* AudioToolbox.framework */; settings = {ATTRIBUTES = (Weak, ); }; };
		AD963AEF00AC48D3B03DE1C6 /* CDVDevice.m in Sources */ = {isa = PBXBuildFile; fileRef = 10EA7F99E3484344A0383FF1 /* CDVDevice.m */; };
		AF36973EE2D44F6E81036B41 /* StoreKit.framework in Frameworks */ = {isa = PBXBuildFile; fileRef = E54FA633EC6D4864886D3794 /* StoreKit.framework */; };
		B2272D3342CF4417BB99C455 /* CDVUIInAppBrowser.m in Sources */ = {isa = PBXBuildFile; fileRef = F44BC1FC229F48F9A15F98AE /* CDVUIInAppBrowser.m */; };
		B92DCA8DEB484CE88E7A35F4 /* CDVNotification.m in Sources */ = {isa = PBXBuildFile; fileRef = 78619BB9768244D38BCE06B6 /* CDVNotification.m */; };
		C2CE6364B8074B9E8B6E0F30 /* CDVInAppBrowserNavigationController.m in Sources */ = {isa = PBXBuildFile; fileRef = 8B1FF70F134A4996BAB0B019 /* CDVInAppBrowserNavigationController.m */; };
		C43609FBFD5F4EA4948C6362 /* JKLLockScreenNumber.m in Sources */ = {isa = PBXBuildFile; fileRef = EB51BE8944BB40D8AC37FB33 /* JKLLockScreenNumber.m */; };
		C495F87A37DA4395BC5B2101 /* CDVWKWebViewUIDelegate.m in Sources */ = {isa = PBXBuildFile; fileRef = C217D3E3F8F54E3DA4B06235 /* CDVWKWebViewUIDelegate.m */; };
		CCE2BA5652204DE6B3262541 /* CDVAssetLibraryFilesystem.m in Sources */ = {isa = PBXBuildFile; fileRef = 67FD78F78EA14DA394D48210 /* CDVAssetLibraryFilesystem.m */; };
		D153080A99AC477A97E4166E /* CDVInAppBrowserOptions.m in Sources */ = {isa = PBXBuildFile; fileRef = 4B2C2350510B40B09FC277CB /* CDVInAppBrowserOptions.m */; };
		E52442EAA29F4F82AD7AE5A5 /* CDVInAppBrowser.m in Sources */ = {isa = PBXBuildFile; fileRef = 33B599F6A0CE4656A31FDA2B /* CDVInAppBrowser.m */; };
		E7DF9B136B17495EAD1E9DC4 /* SocialSharing.m in Sources */ = {isa = PBXBuildFile; fileRef = B5DD75B41D4641AE9143D290 /* SocialSharing.m */; };
		FD96086452E047A7AD536697 /* JKLLockScreenViewController.m in Sources */ = {isa = PBXBuildFile; fileRef = C3B13522E6054E7A9B471270 /* JKLLockScreenViewController.m */; };
/* End PBXBuildFile section */

/* Begin PBXContainerItemProxy section */
		301BF534109A57CC0062928A /* PBXContainerItemProxy */ = {
			isa = PBXContainerItemProxy;
			containerPortal = 301BF52D109A57CC0062928A /* CordovaLib/CordovaLib.xcodeproj */;
			proxyType = 2;
			remoteGlobalIDString = D2AAC07E0554694100DB518D;
			remoteInfo = CordovaLib;
		};
		301BF550109A68C00062928A /* PBXContainerItemProxy */ = {
			isa = PBXContainerItemProxy;
			containerPortal = 301BF52D109A57CC0062928A /* CordovaLib/CordovaLib.xcodeproj */;
			proxyType = 1;
			remoteGlobalIDString = D2AAC07D0554694100DB518D;
			remoteInfo = CordovaLib;
		};
		633EF3DD1FF2AEFD009E9EC1 /* PBXContainerItemProxy */ = {
			isa = PBXContainerItemProxy;
			containerPortal = 301BF52D109A57CC0062928A /* CordovaLib/CordovaLib.xcodeproj */;
			proxyType = 2;
			remoteGlobalIDString = C0C01EB21E3911D50056E6CB;
			remoteInfo = Cordova;
		};
		633EF3EB1FF2AF49009E9EC1 /* PBXContainerItemProxy */ = {
			isa = PBXContainerItemProxy;
			containerPortal = 29B97313FDCFA39411CA2CEA /* Project object */;
			proxyType = 1;
			remoteGlobalIDString = 633EF3E21FF2AF49009E9EC1;
			remoteInfo = DNSCryptAppExt;
		};
/* End PBXContainerItemProxy section */

/* Begin PBXCopyFilesBuildPhase section */
		633EF3F11FF2AF49009E9EC1 /* Embed App Extensions */ = {
			isa = PBXCopyFilesBuildPhase;
			buildActionMask = 2147483647;
			dstPath = "";
			dstSubfolderSpec = 13;
			files = (
				633EF3ED1FF2AF49009E9EC1 /* DNSCryptAppExt.appex in Embed App Extensions */,
			);
			name = "Embed App Extensions";
			runOnlyForDeploymentPostprocessing = 0;
		};
/* End PBXCopyFilesBuildPhase section */

/* Begin PBXFileReference section */
		014355757B0F4B00B2BC7494 /* CDVUIInAppBrowser.h */ = {isa = PBXFileReference; explicitFileType = undefined; fileEncoding = 4; includeInIndex = 0; lastKnownFileType = sourcecode.c.h; name = CDVUIInAppBrowser.h; path = "cordova-plugin-inappbrowser/CDVUIInAppBrowser.h"; sourceTree = "<group>"; };
		0207DA571B56EA530066E2B4 /* Images.xcassets */ = {isa = PBXFileReference; lastKnownFileType = folder.assetcatalog; name = Images.xcassets; path = DNSCryptApp/Images.xcassets; sourceTree = SOURCE_ROOT; };
		02AA023E6D5244CEAA1DD9DC /* JKLLockScreenPincodeView.m */ = {isa = PBXFileReference; explicitFileType = undefined; fileEncoding = 4; includeInIndex = 0; lastKnownFileType = sourcecode.c.objc; name = JKLLockScreenPincodeView.m; path = "cordova-plugin-pinlock/JKLLockScreenPincodeView.m"; sourceTree = "<group>"; };
		03382239A1C74E8C86876D21 /* AppPreferences.h */ = {isa = PBXFileReference; explicitFileType = undefined; fileEncoding = 4; includeInIndex = 0; lastKnownFileType = sourcecode.c.h; name = AppPreferences.h; path = "cordova-plugin-app-preferences/AppPreferences.h"; sourceTree = "<group>"; };
		0E18CF57468343BDA772B6C7 /* SocialSharing.h */ = {isa = PBXFileReference; explicitFileType = undefined; fileEncoding = 4; includeInIndex = 0; lastKnownFileType = sourcecode.c.h; name = SocialSharing.h; path = "cordova-plugin-x-socialsharing/SocialSharing.h"; sourceTree = "<group>"; };
		10EA7F99E3484344A0383FF1 /* CDVDevice.m */ = {isa = PBXFileReference; explicitFileType = undefined; fileEncoding = 4; includeInIndex = 0; lastKnownFileType = sourcecode.c.objc; name = CDVDevice.m; path = "cordova-plugin-device/CDVDevice.m"; sourceTree = "<group>"; };
		15C69092B2724B228B121B94 /* CDVSplashScreen.m */ = {isa = PBXFileReference; explicitFileType = undefined; fileEncoding = 4; includeInIndex = 0; lastKnownFileType = sourcecode.c.objc; name = CDVSplashScreen.m; path = "cordova-plugin-splashscreen/CDVSplashScreen.m"; sourceTree = "<group>"; };
		1A02B4E35B28476CB35CABF3 /* CDVWKWebViewEngine.m */ = {isa = PBXFileReference; explicitFileType = undefined; fileEncoding = 4; includeInIndex = 0; lastKnownFileType = sourcecode.c.objc; name = CDVWKWebViewEngine.m; path = "cordova-plugin-ionic-webview/CDVWKWebViewEngine.m"; sourceTree = "<group>"; };
		1D3623240D0F684500981E51 /* AppDelegate.h */ = {isa = PBXFileReference; fileEncoding = 4; lastKnownFileType = sourcecode.c.h; path = AppDelegate.h; sourceTree = "<group>"; };
		1D3623250D0F684500981E51 /* AppDelegate.m */ = {isa = PBXFileReference; fileEncoding = 4; lastKnownFileType = sourcecode.c.objc; path = AppDelegate.m; sourceTree = "<group>"; };
		1D6058910D05DD3D006BFB54 /* DNSCloak.app */ = {isa = PBXFileReference; explicitFileType = wrapper.application; includeInIndex = 0; path = DNSCloak.app; sourceTree = BUILT_PRODUCTS_DIR; };
		29B97316FDCFA39411CA2CEA /* main.m */ = {isa = PBXFileReference; fileEncoding = 4; lastKnownFileType = sourcecode.c.objc; path = main.m; sourceTree = "<group>"; };
		301BF52D109A57CC0062928A /* CordovaLib/CordovaLib.xcodeproj */ = {isa = PBXFileReference; lastKnownFileType = "wrapper.pb-project"; path = CordovaLib/CordovaLib.xcodeproj; sourceTree = "<group>"; };
		301BF56E109A69640062928A /* www */ = {isa = PBXFileReference; lastKnownFileType = folder; path = www; sourceTree = SOURCE_ROOT; };
		302D95EE14D2391D003F00A1 /* MainViewController.h */ = {isa = PBXFileReference; fileEncoding = 4; lastKnownFileType = sourcecode.c.h; path = MainViewController.h; sourceTree = "<group>"; };
		302D95EF14D2391D003F00A1 /* MainViewController.m */ = {isa = PBXFileReference; fileEncoding = 4; lastKnownFileType = sourcecode.c.objc; path = MainViewController.m; sourceTree = "<group>"; };
		302D95F014D2391D003F00A1 /* MainViewController.xib */ = {isa = PBXFileReference; fileEncoding = 4; lastKnownFileType = file.xib; path = MainViewController.xib; sourceTree = "<group>"; };
		3047A50F1AB8059700498E2A /* build-debug.xcconfig */ = {isa = PBXFileReference; fileEncoding = 4; lastKnownFileType = text.xcconfig; name = "build-debug.xcconfig"; path = "cordova/build-debug.xcconfig"; sourceTree = SOURCE_ROOT; };
		3047A5101AB8059700498E2A /* build-release.xcconfig */ = {isa = PBXFileReference; fileEncoding = 4; lastKnownFileType = text.xcconfig; name = "build-release.xcconfig"; path = "cordova/build-release.xcconfig"; sourceTree = SOURCE_ROOT; };
		3047A5111AB8059700498E2A /* build.xcconfig */ = {isa = PBXFileReference; fileEncoding = 4; lastKnownFileType = text.xcconfig; name = build.xcconfig; path = cordova/build.xcconfig; sourceTree = SOURCE_ROOT; };
		3123D4FBFCFE4DCF87735CB1 /* CDVInAppBrowserNavigationController.h */ = {isa = PBXFileReference; explicitFileType = undefined; fileEncoding = 4; includeInIndex = 0; lastKnownFileType = sourcecode.c.h; name = CDVInAppBrowserNavigationController.h; path = "cordova-plugin-inappbrowser/CDVInAppBrowserNavigationController.h"; sourceTree = "<group>"; };
		32CA4F630368D1EE00C91783 /* DNSCryptApp-Prefix.pch */ = {isa = PBXFileReference; fileEncoding = 4; lastKnownFileType = sourcecode.c.h; path = "DNSCryptApp-Prefix.pch"; sourceTree = "<group>"; };
		33B599F6A0CE4656A31FDA2B /* CDVInAppBrowser.m */ = {isa = PBXFileReference; explicitFileType = undefined; fileEncoding = 4; includeInIndex = 0; lastKnownFileType = sourcecode.c.objc; name = CDVInAppBrowser.m; path = "cordova-plugin-inappbrowser/CDVInAppBrowser.m"; sourceTree = "<group>"; };
		364A1EBEBA3440D6B50650C2 /* FilePicker.h */ = {isa = PBXFileReference; explicitFileType = undefined; fileEncoding = 4; includeInIndex = 0; lastKnownFileType = sourcecode.c.h; name = FilePicker.h; path = "cordova-plugin-filepicker/FilePicker.h"; sourceTree = "<group>"; };
		39DE7E3E4529433CAE0CF586 /* CDVIonicKeyboard.h */ = {isa = PBXFileReference; explicitFileType = undefined; fileEncoding = 4; includeInIndex = 0; lastKnownFileType = sourcecode.c.h; name = CDVIonicKeyboard.h; path = "cordova-plugin-ionic-keyboard/CDVIonicKeyboard.h"; sourceTree = "<group>"; };
		3A2ECFCDB0264C2EAB49E8EE /* DNSCryptApp.entitlements */ = {isa = PBXFileReference; explicitFileType = undefined; fileEncoding = 9; includeInIndex = 0; lastKnownFileType = unknown; path = DNSCryptApp.entitlements; sourceTree = "<group>"; };
		3DFC8248F4FC4018A817FACE /* CDVAssetLibraryFilesystem.h */ = {isa = PBXFileReference; explicitFileType = undefined; fileEncoding = 4; includeInIndex = 0; lastKnownFileType = sourcecode.c.h; name = CDVAssetLibraryFilesystem.h; path = "cordova-plugin-file/CDVAssetLibraryFilesystem.h"; sourceTree = "<group>"; };
		3E636B98DE5C4D539563F973 /* AppPreferences.m */ = {isa = PBXFileReference; explicitFileType = undefined; fileEncoding = 4; includeInIndex = 0; lastKnownFileType = sourcecode.c.objc; name = AppPreferences.m; path = "cordova-plugin-app-preferences/AppPreferences.m"; sourceTree = "<group>"; };
		3FDC72340C1540D6BBDA0518 /* JKLLockScreenViewController.h */ = {isa = PBXFileReference; explicitFileType = undefined; fileEncoding = 4; includeInIndex = 0; lastKnownFileType = sourcecode.c.h; name = JKLLockScreenViewController.h; path = "cordova-plugin-pinlock/JKLLockScreenViewController.h"; sourceTree = "<group>"; };
		4069FC235E2C468EA17A8AE7 /* NSString+SSURLEncoding.h */ = {isa = PBXFileReference; explicitFileType = undefined; fileEncoding = 4; includeInIndex = 0; lastKnownFileType = sourcecode.c.h; name = "NSString+SSURLEncoding.h"; path = "cordova-plugin-x-socialsharing/NSString+SSURLEncoding.h"; sourceTree = "<group>"; };
		46A9EB4B3F584DE1B3B19279 /* CDVAppRate.m */ = {isa = PBXFileReference; explicitFileType = undefined; fileEncoding = 4; includeInIndex = 0; lastKnownFileType = sourcecode.c.objc; name = CDVAppRate.m; path = "cordova-plugin-apprate/CDVAppRate.m"; sourceTree = "<group>"; };
		47537E603872452E8B00F527 /* CDVWKProcessPoolFactory.m */ = {isa = PBXFileReference; explicitFileType = undefined; fileEncoding = 4; includeInIndex = 0; lastKnownFileType = sourcecode.c.objc; name = CDVWKProcessPoolFactory.m; path = "cordova-plugin-ionic-webview/CDVWKProcessPoolFactory.m"; sourceTree = "<group>"; };
		4B2C2350510B40B09FC277CB /* CDVInAppBrowserOptions.m */ = {isa = PBXFileReference; explicitFileType = undefined; fileEncoding = 4; includeInIndex = 0; lastKnownFileType = sourcecode.c.objc; name = CDVInAppBrowserOptions.m; path = "cordova-plugin-inappbrowser/CDVInAppBrowserOptions.m"; sourceTree = "<group>"; };
		4B42C6F892F2498396D84243 /* CDVIonicKeyboard.m */ = {isa = PBXFileReference; explicitFileType = undefined; fileEncoding = 4; includeInIndex = 0; lastKnownFileType = sourcecode.c.objc; name = CDVIonicKeyboard.m; path = "cordova-plugin-ionic-keyboard/CDVIonicKeyboard.m"; sourceTree = "<group>"; };
		4C78DD6AEF7B429C9DD79D3E /* CDVAppRate.h */ = {isa = PBXFileReference; explicitFileType = undefined; fileEncoding = 4; includeInIndex = 0; lastKnownFileType = sourcecode.c.h; name = CDVAppRate.h; path = "cordova-plugin-apprate/CDVAppRate.h"; sourceTree = "<group>"; };
		50199F4FA61C4ED29F763EC3 /* CDVWKProcessPoolFactory.h */ = {isa = PBXFileReference; explicitFileType = undefined; fileEncoding = 4; includeInIndex = 0; lastKnownFileType = sourcecode.c.h; name = CDVWKProcessPoolFactory.h; path = "cordova-plugin-ionic-webview/CDVWKProcessPoolFactory.h"; sourceTree = "<group>"; };
		553E5234A3214689830F7A50 /* CordovaDnstool.swift */ = {isa = PBXFileReference; explicitFileType = undefined; fileEncoding = 4; includeInIndex = 0; lastKnownFileType = sourcecode.swift; name = CordovaDnstool.swift; path = "cordova-plugin-dnstool/CordovaDnstool.swift"; sourceTree = "<group>"; };
		5831689D202143DCBE2EA0A6 /* CDVViewController+SplashScreen.h */ = {isa = PBXFileReference; explicitFileType = undefined; fileEncoding = 4; includeInIndex = 0; lastKnownFileType = sourcecode.c.h; name = "CDVViewController+SplashScreen.h"; path = "cordova-plugin-splashscreen/CDVViewController+SplashScreen.h"; sourceTree = "<group>"; };
		5EC24DCA85D14914ADFF6C95 /* CDVNotification.h */ = {isa = PBXFileReference; explicitFileType = undefined; fileEncoding = 4; includeInIndex = 0; lastKnownFileType = sourcecode.c.h; name = CDVNotification.h; path = "cordova-plugin-dialogs/CDVNotification.h"; sourceTree = "<group>"; };
		5F0A7B0F385042718E7EB315 /* CDVWKInAppBrowserUIDelegate.h */ = {isa = PBXFileReference; explicitFileType = undefined; fileEncoding = 4; includeInIndex = 0; lastKnownFileType = sourcecode.c.h; name = CDVWKInAppBrowserUIDelegate.h; path = "cordova-plugin-inappbrowser/CDVWKInAppBrowserUIDelegate.h"; sourceTree = "<group>"; };
		633EF3E31FF2AF49009E9EC1 /* DNSCryptAppExt.appex */ = {isa = PBXFileReference; explicitFileType = "wrapper.app-extension"; includeInIndex = 0; path = DNSCryptAppExt.appex; sourceTree = BUILT_PRODUCTS_DIR; };
		633EF3E61FF2AF49009E9EC1 /* DNSCryptAppExt.entitlements */ = {isa = PBXFileReference; lastKnownFileType = text.plist.entitlements; path = DNSCryptAppExt.entitlements; sourceTree = "<group>"; };
		633EF3E71FF2AF49009E9EC1 /* PacketTunnelProvider.h */ = {isa = PBXFileReference; lastKnownFileType = sourcecode.c.h; path = PacketTunnelProvider.h; sourceTree = "<group>"; };
		633EF3E81FF2AF49009E9EC1 /* PacketTunnelProvider.m */ = {isa = PBXFileReference; lastKnownFileType = sourcecode.c.objc; path = PacketTunnelProvider.m; sourceTree = "<group>"; };
		633EF3EA1FF2AF49009E9EC1 /* Info.plist */ = {isa = PBXFileReference; lastKnownFileType = text.plist.xml; path = Info.plist; sourceTree = "<group>"; };
		633EF4031FF2B231009E9EC1 /* DNSCryptThread.m */ = {isa = PBXFileReference; fileEncoding = 4; lastKnownFileType = sourcecode.c.objc; path = DNSCryptThread.m; sourceTree = "<group>"; };
		633EF4041FF2B232009E9EC1 /* DNSCryptThread.h */ = {isa = PBXFileReference; fileEncoding = 4; lastKnownFileType = sourcecode.c.h; path = DNSCryptThread.h; sourceTree = "<group>"; };
		635E7B4C2045AB640037AD6C /* Migrator.h */ = {isa = PBXFileReference; lastKnownFileType = sourcecode.c.h; path = Migrator.h; sourceTree = "<group>"; };
		635E7B4E2045ABA90037AD6C /* Migrator.m */ = {isa = PBXFileReference; lastKnownFileType = sourcecode.c.objc; path = Migrator.m; sourceTree = "<group>"; };
		636411262080B1FE00C15146 /* Reachability.m */ = {isa = PBXFileReference; fileEncoding = 4; lastKnownFileType = sourcecode.c.objc; path = Reachability.m; sourceTree = "<group>"; };
		636411282080B1FE00C15146 /* Reachability.h */ = {isa = PBXFileReference; fileEncoding = 4; lastKnownFileType = sourcecode.c.h; path = Reachability.h; sourceTree = "<group>"; };
		638A32642010D4D0004B5D2C /* Dnscryptproxy.framework */ = {isa = PBXFileReference; lastKnownFileType = wrapper.framework; path = Dnscryptproxy.framework; sourceTree = "<group>"; };
		6399AF4A201B640E00A40B5B /* NetworkExtension.framework */ = {isa = PBXFileReference; lastKnownFileType = wrapper.framework; name = NetworkExtension.framework; path = System/Library/Frameworks/NetworkExtension.framework; sourceTree = SDKROOT; };
		63E97E1573964826914339EE /* CDVSplashScreen.h */ = {isa = PBXFileReference; explicitFileType = undefined; fileEncoding = 4; includeInIndex = 0; lastKnownFileType = sourcecode.c.h; name = CDVSplashScreen.h; path = "cordova-plugin-splashscreen/CDVSplashScreen.h"; sourceTree = "<group>"; };
		6432F50A025244589BF69659 /* CDVInAppBrowserOptions.h */ = {isa = PBXFileReference; explicitFileType = undefined; fileEncoding = 4; includeInIndex = 0; lastKnownFileType = sourcecode.c.h; name = CDVInAppBrowserOptions.h; path = "cordova-plugin-inappbrowser/CDVInAppBrowserOptions.h"; sourceTree = "<group>"; };
		67FD78F78EA14DA394D48210 /* CDVAssetLibraryFilesystem.m */ = {isa = PBXFileReference; explicitFileType = undefined; fileEncoding = 4; includeInIndex = 0; lastKnownFileType = sourcecode.c.objc; name = CDVAssetLibraryFilesystem.m; path = "cordova-plugin-file/CDVAssetLibraryFilesystem.m"; sourceTree = "<group>"; };
		6AFF5BF81D6E424B00AB3073 /* CDVLaunchScreen.storyboard */ = {isa = PBXFileReference; fileEncoding = 4; lastKnownFileType = file.storyboard; name = CDVLaunchScreen.storyboard; path = DNSCryptApp/CDVLaunchScreen.storyboard; sourceTree = SOURCE_ROOT; };
		6B107FF366004BF49A52DA1F /* NetTester.h */ = {isa = PBXFileReference; explicitFileType = undefined; fileEncoding = 4; includeInIndex = 0; lastKnownFileType = sourcecode.c.h; name = NetTester.h; path = "cordova-plugin-dnstool/NetTester.h"; sourceTree = "<group>"; };
		6F6980CF905445DD96A70D3E /* AudioToolbox.framework */ = {isa = PBXFileReference; explicitFileType = undefined; fileEncoding = 9; includeInIndex = 0; lastKnownFileType = wrapper.framework; name = AudioToolbox.framework; path = System/Library/Frameworks/AudioToolbox.framework; sourceTree = SDKROOT; };
		78619BB9768244D38BCE06B6 /* CDVNotification.m */ = {isa = PBXFileReference; explicitFileType = undefined; fileEncoding = 4; includeInIndex = 0; lastKnownFileType = sourcecode.c.objc; name = CDVNotification.m; path = "cordova-plugin-dialogs/CDVNotification.m"; sourceTree = "<group>"; };
		88AB1B05579E45E3A3B22CB8 /* CDVDevice.h */ = {isa = PBXFileReference; explicitFileType = undefined; fileEncoding = 4; includeInIndex = 0; lastKnownFileType = sourcecode.c.h; name = CDVDevice.h; path = "cordova-plugin-device/CDVDevice.h"; sourceTree = "<group>"; };
		8B1FF70F134A4996BAB0B019 /* CDVInAppBrowserNavigationController.m */ = {isa = PBXFileReference; explicitFileType = undefined; fileEncoding = 4; includeInIndex = 0; lastKnownFileType = sourcecode.c.objc; name = CDVInAppBrowserNavigationController.m; path = "cordova-plugin-inappbrowser/CDVInAppBrowserNavigationController.m"; sourceTree = "<group>"; };
		8D1107310486CEB800E47090 /* DNSCryptApp-Info.plist */ = {isa = PBXFileReference; fileEncoding = 4; lastKnownFileType = text.plist.xml; name = "DNSCryptApp-Info.plist"; path = "DNSCryptApp/DNSCryptApp-Info.plist"; plistStructureDefinitionIdentifier = "com.apple.xcode.plist.structure-definition.iphone.info-plist"; sourceTree = SOURCE_ROOT; };
		8E5D1C3413BB4A51BCD2E2D2 /* CDVInAppBrowser.h */ = {isa = PBXFileReference; explicitFileType = undefined; fileEncoding = 4; includeInIndex = 0; lastKnownFileType = sourcecode.c.h; name = CDVInAppBrowser.h; path = "cordova-plugin-inappbrowser/CDVInAppBrowser.h"; sourceTree = "<group>"; };
		915C16D11B324C7C8BA637E7 /* NativeStorage.h */ = {isa = PBXFileReference; explicitFileType = undefined; fileEncoding = 4; includeInIndex = 0; lastKnownFileType = sourcecode.c.h; name = NativeStorage.h; path = "cordova-plugin-nativestorage/NativeStorage.h"; sourceTree = "<group>"; };
		97478BC825C2400AA336B18D /* JKLLockScreenPincodeView.h */ = {isa = PBXFileReference; explicitFileType = undefined; fileEncoding = 4; includeInIndex = 0; lastKnownFileType = sourcecode.c.h; name = JKLLockScreenPincodeView.h; path = "cordova-plugin-pinlock/JKLLockScreenPincodeView.h"; sourceTree = "<group>"; };
		999E98F2519D43F9836F6E32 /* CDVNotification.bundle */ = {isa = PBXFileReference; explicitFileType = undefined; fileEncoding = 9; includeInIndex = 0; lastKnownFileType = "wrapper.plug-in"; path = CDVNotification.bundle; sourceTree = "<group>"; };
		9CEE625614324D29963D6965 /* CDVStatusBar.h */ = {isa = PBXFileReference; explicitFileType = undefined; fileEncoding = 4; includeInIndex = 0; lastKnownFileType = sourcecode.c.h; name = CDVStatusBar.h; path = "cordova-plugin-statusbar/CDVStatusBar.h"; sourceTree = "<group>"; };
		A4BFDAD7FFC846CA891E23BA /* NativeStorage.m */ = {isa = PBXFileReference; explicitFileType = undefined; fileEncoding = 4; includeInIndex = 0; lastKnownFileType = sourcecode.c.objc; name = NativeStorage.m; path = "cordova-plugin-nativestorage/NativeStorage.m"; sourceTree = "<group>"; };
		AB2A548FD87E4659A35ED816 /* CDVViewController+SplashScreen.m */ = {isa = PBXFileReference; explicitFileType = undefined; fileEncoding = 4; includeInIndex = 0; lastKnownFileType = sourcecode.c.objc; name = "CDVViewController+SplashScreen.m"; path = "cordova-plugin-splashscreen/CDVViewController+SplashScreen.m"; sourceTree = "<group>"; };
		B101A1EDA3A740AC8906C00A /* CDVWKInAppBrowser.h */ = {isa = PBXFileReference; explicitFileType = undefined; fileEncoding = 4; includeInIndex = 0; lastKnownFileType = sourcecode.c.h; name = CDVWKInAppBrowser.h; path = "cordova-plugin-inappbrowser/CDVWKInAppBrowser.h"; sourceTree = "<group>"; };
		B5DD275F49754A22AB7A3851 /* CDVWKInAppBrowserUIDelegate.m */ = {isa = PBXFileReference; explicitFileType = undefined; fileEncoding = 4; includeInIndex = 0; lastKnownFileType = sourcecode.c.objc; name = CDVWKInAppBrowserUIDelegate.m; path = "cordova-plugin-inappbrowser/CDVWKInAppBrowserUIDelegate.m"; sourceTree = "<group>"; };
		B5DD75B41D4641AE9143D290 /* SocialSharing.m */ = {isa = PBXFileReference; explicitFileType = undefined; fileEncoding = 4; includeInIndex = 0; lastKnownFileType = sourcecode.c.objc; name = SocialSharing.m; path = "cordova-plugin-x-socialsharing/SocialSharing.m"; sourceTree = "<group>"; };
		BFD6FF5CF4C44CADA72F0020 /* LockScreen.strings */ = {isa = PBXFileReference; explicitFileType = undefined; fileEncoding = 4; includeInIndex = 0; lastKnownFileType = text.plist.strings; path = LockScreen.strings; sourceTree = "<group>"; };
		C14A513BDBEF4B6AB3A69B52 /* FilePicker.m */ = {isa = PBXFileReference; explicitFileType = undefined; fileEncoding = 4; includeInIndex = 0; lastKnownFileType = sourcecode.c.objc; name = FilePicker.m; path = "cordova-plugin-filepicker/FilePicker.m"; sourceTree = "<group>"; };
		C217D3E3F8F54E3DA4B06235 /* CDVWKWebViewUIDelegate.m */ = {isa = PBXFileReference; explicitFileType = undefined; fileEncoding = 4; includeInIndex = 0; lastKnownFileType = sourcecode.c.objc; name = CDVWKWebViewUIDelegate.m; path = "cordova-plugin-ionic-webview/CDVWKWebViewUIDelegate.m"; sourceTree = "<group>"; };
		C3B13522E6054E7A9B471270 /* JKLLockScreenViewController.m */ = {isa = PBXFileReference; explicitFileType = undefined; fileEncoding = 4; includeInIndex = 0; lastKnownFileType = sourcecode.c.objc; name = JKLLockScreenViewController.m; path = "cordova-plugin-pinlock/JKLLockScreenViewController.m"; sourceTree = "<group>"; };
		C71C435B9960453D920F4079 /* JKLLockScreenNumber.h */ = {isa = PBXFileReference; explicitFileType = undefined; fileEncoding = 4; includeInIndex = 0; lastKnownFileType = sourcecode.c.h; name = JKLLockScreenNumber.h; path = "cordova-plugin-pinlock/JKLLockScreenNumber.h"; sourceTree = "<group>"; };
		CCD3EC6119C84CEB8132CBDF /* NetTester.m */ = {isa = PBXFileReference; explicitFileType = undefined; fileEncoding = 4; includeInIndex = 0; lastKnownFileType = sourcecode.c.objc; name = NetTester.m; path = "cordova-plugin-dnstool/NetTester.m"; sourceTree = "<group>"; };
		D0C1671D8E84435BAF2108E1 /* NSString+SSURLEncoding.m */ = {isa = PBXFileReference; explicitFileType = undefined; fileEncoding = 4; includeInIndex = 0; lastKnownFileType = sourcecode.c.objc; name = "NSString+SSURLEncoding.m"; path = "cordova-plugin-x-socialsharing/NSString+SSURLEncoding.m"; sourceTree = "<group>"; };
		D25E22635A274049BA479ECA /* MessageUI.framework */ = {isa = PBXFileReference; explicitFileType = undefined; fileEncoding = 9; includeInIndex = 0; lastKnownFileType = wrapper.framework; name = MessageUI.framework; path = System/Library/Frameworks/MessageUI.framework; sourceTree = SDKROOT; };
		D2B9E3F31C4B4EA7A142491D /* Social.framework */ = {isa = PBXFileReference; explicitFileType = undefined; fileEncoding = 9; includeInIndex = 0; lastKnownFileType = wrapper.framework; name = Social.framework; path = System/Library/Frameworks/Social.framework; sourceTree = SDKROOT; };
		D2EA7B5EA7E3443C9FBE2D11 /* CDVWKWebViewEngine.h */ = {isa = PBXFileReference; explicitFileType = undefined; fileEncoding = 4; includeInIndex = 0; lastKnownFileType = sourcecode.c.h; name = CDVWKWebViewEngine.h; path = "cordova-plugin-ionic-webview/CDVWKWebViewEngine.h"; sourceTree = "<group>"; };
		D2FBA05D09F44DAA987AC810 /* CordovaPinlock.swift */ = {isa = PBXFileReference; explicitFileType = undefined; fileEncoding = 4; includeInIndex = 0; lastKnownFileType = sourcecode.swift; name = CordovaPinlock.swift; path = "cordova-plugin-pinlock/CordovaPinlock.swift"; sourceTree = "<group>"; };
		D47D56191F554260B63D0681 /* CDVStatusBar.m */ = {isa = PBXFileReference; explicitFileType = undefined; fileEncoding = 4; includeInIndex = 0; lastKnownFileType = sourcecode.c.objc; name = CDVStatusBar.m; path = "cordova-plugin-statusbar/CDVStatusBar.m"; sourceTree = "<group>"; };
		D53518FD9D9C454B9A602613 /* CDVLocalFilesystem.h */ = {isa = PBXFileReference; explicitFileType = undefined; fileEncoding = 4; includeInIndex = 0; lastKnownFileType = sourcecode.c.h; name = CDVLocalFilesystem.h; path = "cordova-plugin-file/CDVLocalFilesystem.h"; sourceTree = "<group>"; };
		D5DF8FCC1C394E12A180614B /* CDVFile.h */ = {isa = PBXFileReference; explicitFileType = undefined; fileEncoding = 4; includeInIndex = 0; lastKnownFileType = sourcecode.c.h; name = CDVFile.h; path = "cordova-plugin-file/CDVFile.h"; sourceTree = "<group>"; };
		D88FD4270BB444EF9151644A /* CDVFile.m */ = {isa = PBXFileReference; explicitFileType = undefined; fileEncoding = 4; includeInIndex = 0; lastKnownFileType = sourcecode.c.objc; name = CDVFile.m; path = "cordova-plugin-file/CDVFile.m"; sourceTree = "<group>"; };
		DAA71E1A02ED43CCBBFB2EBB /* CDVLocalFilesystem.m */ = {isa = PBXFileReference; explicitFileType = undefined; fileEncoding = 4; includeInIndex = 0; lastKnownFileType = sourcecode.c.objc; name = CDVLocalFilesystem.m; path = "cordova-plugin-file/CDVLocalFilesystem.m"; sourceTree = "<group>"; };
		DADF9DBBB0754E34AEFCFCF1 /* CDVWKWebViewUIDelegate.h */ = {isa = PBXFileReference; explicitFileType = undefined; fileEncoding = 4; includeInIndex = 0; lastKnownFileType = sourcecode.c.h; name = CDVWKWebViewUIDelegate.h; path = "cordova-plugin-ionic-webview/CDVWKWebViewUIDelegate.h"; sourceTree = "<group>"; };
		E19E01F30E0B43A5BFFB0EB9 /* JKLLockScreenViewController.xib */ = {isa = PBXFileReference; explicitFileType = undefined; fileEncoding = 9; includeInIndex = 0; lastKnownFileType = file.xib; path = JKLLockScreenViewController.xib; sourceTree = "<group>"; };
		E54FA633EC6D4864886D3794 /* StoreKit.framework */ = {isa = PBXFileReference; explicitFileType = undefined; fileEncoding = 9; includeInIndex = 0; lastKnownFileType = wrapper.framework; name = StoreKit.framework; path = System/Library/Frameworks/StoreKit.framework; sourceTree = SDKROOT; };
		EB51BE8944BB40D8AC37FB33 /* JKLLockScreenNumber.m */ = {isa = PBXFileReference; explicitFileType = undefined; fileEncoding = 4; includeInIndex = 0; lastKnownFileType = sourcecode.c.objc; name = JKLLockScreenNumber.m; path = "cordova-plugin-pinlock/JKLLockScreenNumber.m"; sourceTree = "<group>"; };
		EB87FDF31871DA8E0020F90C /* www */ = {isa = PBXFileReference; lastKnownFileType = folder; name = www; path = ../../www; sourceTree = "<group>"; };
		EB87FDF41871DAF40020F90C /* config.xml */ = {isa = PBXFileReference; lastKnownFileType = text.xml; name = config.xml; path = ../../config.xml; sourceTree = "<group>"; };
		ED33DF2A687741AEAF9F8254 /* Bridging-Header.h */ = {isa = PBXFileReference; fileEncoding = 4; lastKnownFileType = sourcecode.c.h; path = "Bridging-Header.h"; sourceTree = "<group>"; };
		ED7F421EE56449378FBF5C87 /* WebKit.framework */ = {isa = PBXFileReference; explicitFileType = undefined; fileEncoding = 9; includeInIndex = 0; lastKnownFileType = wrapper.framework; name = WebKit.framework; path = System/Library/Frameworks/WebKit.framework; sourceTree = SDKROOT; };
		F44BC1FC229F48F9A15F98AE /* CDVUIInAppBrowser.m */ = {isa = PBXFileReference; explicitFileType = undefined; fileEncoding = 4; includeInIndex = 0; lastKnownFileType = sourcecode.c.objc; name = CDVUIInAppBrowser.m; path = "cordova-plugin-inappbrowser/CDVUIInAppBrowser.m"; sourceTree = "<group>"; };
		F840E1F0165FE0F500CFE078 /* config.xml */ = {isa = PBXFileReference; lastKnownFileType = text.xml; name = config.xml; path = DNSCryptApp/config.xml; sourceTree = "<group>"; };
		FCCF9E258B784E57A3443422 /* CDVWKInAppBrowser.m */ = {isa = PBXFileReference; explicitFileType = undefined; fileEncoding = 4; includeInIndex = 0; lastKnownFileType = sourcecode.c.objc; name = CDVWKInAppBrowser.m; path = "cordova-plugin-inappbrowser/CDVWKInAppBrowser.m"; sourceTree = "<group>"; };
/* End PBXFileReference section */

/* Begin PBXFrameworksBuildPhase section */
		1D60588F0D05DD3D006BFB54 /* Frameworks */ = {
			isa = PBXFrameworksBuildPhase;
			buildActionMask = 2147483647;
			files = (
				635E7B45204550550037AD6C /* Dnscryptproxy.framework in Frameworks */,
				301BF552109A68D80062928A /* libCordova.a in Frameworks */,
				6399AF4B201B640E00A40B5B /* NetworkExtension.framework in Frameworks */,
				ACB187812C304F7DA6727DF9 /* AudioToolbox.framework in Frameworks */,
				AF36973EE2D44F6E81036B41 /* StoreKit.framework in Frameworks */,
				1CF14032BDF44199BE62BA96 /* WebKit.framework in Frameworks */,
				6859A942E917485282F2E07F /* Social.framework in Frameworks */,
				4F79AB2D4323495A9C611D39 /* MessageUI.framework in Frameworks */,
			);
			runOnlyForDeploymentPostprocessing = 0;
		};
		633EF3E01FF2AF49009E9EC1 /* Frameworks */ = {
			isa = PBXFrameworksBuildPhase;
			buildActionMask = 2147483647;
			files = (
				637BAF302118427100948740 /* Dnscryptproxy.framework in Frameworks */,
				63613804221170770096FE34 /* NetworkExtension.framework in Frameworks */,
			);
			runOnlyForDeploymentPostprocessing = 0;
		};
/* End PBXFrameworksBuildPhase section */

/* Begin PBXGroup section */
		080E96DDFE201D6D7F000001 /* Classes */ = {
			isa = PBXGroup;
			children = (
				302D95EE14D2391D003F00A1 /* MainViewController.h */,
				302D95EF14D2391D003F00A1 /* MainViewController.m */,
				302D95F014D2391D003F00A1 /* MainViewController.xib */,
				1D3623240D0F684500981E51 /* AppDelegate.h */,
				1D3623250D0F684500981E51 /* AppDelegate.m */,
			);
			name = Classes;
			path = DNSCryptApp/Classes;
			sourceTree = SOURCE_ROOT;
		};
		19C28FACFE9D520D11CA2CBB /* Products */ = {
			isa = PBXGroup;
			children = (
				1D6058910D05DD3D006BFB54 /* DNSCloak.app */,
				633EF3E31FF2AF49009E9EC1 /* DNSCryptAppExt.appex */,
			);
			name = Products;
			sourceTree = "<group>";
		};
		29B97314FDCFA39411CA2CEA /* CustomTemplate */ = {
			isa = PBXGroup;
			children = (
				EB87FDF41871DAF40020F90C /* config.xml */,
				EB87FDF31871DA8E0020F90C /* www */,
				EB87FDF11871DA420020F90C /* Staging */,
				301BF52D109A57CC0062928A /* CordovaLib/CordovaLib.xcodeproj */,
				080E96DDFE201D6D7F000001 /* Classes */,
				307C750510C5A3420062BCA9 /* Plugins */,
				29B97315FDCFA39411CA2CEA /* Other Sources */,
				29B97317FDCFA39411CA2CEA /* Resources */,
				633EF3E41FF2AF49009E9EC1 /* DNSCryptAppExt */,
				29B97323FDCFA39411CA2CEA /* Frameworks */,
				19C28FACFE9D520D11CA2CBB /* Products */,
			);
			name = CustomTemplate;
			sourceTree = "<group>";
		};
		29B97315FDCFA39411CA2CEA /* Other Sources */ = {
			isa = PBXGroup;
			children = (
				635E7B4C2045AB640037AD6C /* Migrator.h */,
				635E7B4E2045ABA90037AD6C /* Migrator.m */,
				32CA4F630368D1EE00C91783 /* DNSCryptApp-Prefix.pch */,
				29B97316FDCFA39411CA2CEA /* main.m */,
				ED33DF2A687741AEAF9F8254 /* Bridging-Header.h */,
			);
			name = "Other Sources";
			path = DNSCryptApp;
			sourceTree = "<group>";
		};
		29B97317FDCFA39411CA2CEA /* Resources */ = {
			isa = PBXGroup;
			children = (
				0207DA571B56EA530066E2B4 /* Images.xcassets */,
				3047A50E1AB8057F00498E2A /* config */,
				8D1107310486CEB800E47090 /* DNSCryptApp-Info.plist */,
				6AFF5BF81D6E424B00AB3073 /* CDVLaunchScreen.storyboard */,
				3A2ECFCDB0264C2EAB49E8EE /* DNSCryptApp.entitlements */,
				999E98F2519D43F9836F6E32 /* CDVNotification.bundle */,
				E19E01F30E0B43A5BFFB0EB9 /* JKLLockScreenViewController.xib */,
				BFD6FF5CF4C44CADA72F0020 /* LockScreen.strings */,
			);
			name = Resources;
			path = DNSCryptApp/Resources;
			sourceTree = "<group>";
		};
		29B97323FDCFA39411CA2CEA /* Frameworks */ = {
			isa = PBXGroup;
			children = (
				6399AF4A201B640E00A40B5B /* NetworkExtension.framework */,
				638A32642010D4D0004B5D2C /* Dnscryptproxy.framework */,
				6F6980CF905445DD96A70D3E /* AudioToolbox.framework */,
				E54FA633EC6D4864886D3794 /* StoreKit.framework */,
				ED7F421EE56449378FBF5C87 /* WebKit.framework */,
				D2B9E3F31C4B4EA7A142491D /* Social.framework */,
				D25E22635A274049BA479ECA /* MessageUI.framework */,
			);
			name = Frameworks;
			sourceTree = "<group>";
		};
		301BF52E109A57CC0062928A /* Products */ = {
			isa = PBXGroup;
			children = (
				301BF535109A57CC0062928A /* libCordova.a */,
				633EF3DE1FF2AEFD009E9EC1 /* Cordova.framework */,
			);
			name = Products;
			sourceTree = "<group>";
		};
		3047A50E1AB8057F00498E2A /* config */ = {
			isa = PBXGroup;
			children = (
				3047A50F1AB8059700498E2A /* build-debug.xcconfig */,
				3047A5101AB8059700498E2A /* build-release.xcconfig */,
				3047A5111AB8059700498E2A /* build.xcconfig */,
			);
			name = config;
			sourceTree = "<group>";
		};
		307C750510C5A3420062BCA9 /* Plugins */ = {
			isa = PBXGroup;
			children = (
				15C69092B2724B228B121B94 /* CDVSplashScreen.m */,
				AB2A548FD87E4659A35ED816 /* CDVViewController+SplashScreen.m */,
				63E97E1573964826914339EE /* CDVSplashScreen.h */,
				5831689D202143DCBE2EA0A6 /* CDVViewController+SplashScreen.h */,
				4B42C6F892F2498396D84243 /* CDVIonicKeyboard.m */,
				39DE7E3E4529433CAE0CF586 /* CDVIonicKeyboard.h */,
				C14A513BDBEF4B6AB3A69B52 /* FilePicker.m */,
				364A1EBEBA3440D6B50650C2 /* FilePicker.h */,
				D88FD4270BB444EF9151644A /* CDVFile.m */,
				DAA71E1A02ED43CCBBFB2EBB /* CDVLocalFilesystem.m */,
				67FD78F78EA14DA394D48210 /* CDVAssetLibraryFilesystem.m */,
				D5DF8FCC1C394E12A180614B /* CDVFile.h */,
				D53518FD9D9C454B9A602613 /* CDVLocalFilesystem.h */,
				3DFC8248F4FC4018A817FACE /* CDVAssetLibraryFilesystem.h */,
				33B599F6A0CE4656A31FDA2B /* CDVInAppBrowser.m */,
				4B2C2350510B40B09FC277CB /* CDVInAppBrowserOptions.m */,
				8B1FF70F134A4996BAB0B019 /* CDVInAppBrowserNavigationController.m */,
				F44BC1FC229F48F9A15F98AE /* CDVUIInAppBrowser.m */,
				FCCF9E258B784E57A3443422 /* CDVWKInAppBrowser.m */,
				B5DD275F49754A22AB7A3851 /* CDVWKInAppBrowserUIDelegate.m */,
				8E5D1C3413BB4A51BCD2E2D2 /* CDVInAppBrowser.h */,
				6432F50A025244589BF69659 /* CDVInAppBrowserOptions.h */,
				3123D4FBFCFE4DCF87735CB1 /* CDVInAppBrowserNavigationController.h */,
				014355757B0F4B00B2BC7494 /* CDVUIInAppBrowser.h */,
				B101A1EDA3A740AC8906C00A /* CDVWKInAppBrowser.h */,
				5F0A7B0F385042718E7EB315 /* CDVWKInAppBrowserUIDelegate.h */,
				78619BB9768244D38BCE06B6 /* CDVNotification.m */,
				5EC24DCA85D14914ADFF6C95 /* CDVNotification.h */,
				A4BFDAD7FFC846CA891E23BA /* NativeStorage.m */,
				915C16D11B324C7C8BA637E7 /* NativeStorage.h */,
				46A9EB4B3F584DE1B3B19279 /* CDVAppRate.m */,
				4C78DD6AEF7B429C9DD79D3E /* CDVAppRate.h */,
				1A02B4E35B28476CB35CABF3 /* CDVWKWebViewEngine.m */,
				C217D3E3F8F54E3DA4B06235 /* CDVWKWebViewUIDelegate.m */,
				47537E603872452E8B00F527 /* CDVWKProcessPoolFactory.m */,
				D2EA7B5EA7E3443C9FBE2D11 /* CDVWKWebViewEngine.h */,
				DADF9DBBB0754E34AEFCFCF1 /* CDVWKWebViewUIDelegate.h */,
				50199F4FA61C4ED29F763EC3 /* CDVWKProcessPoolFactory.h */,
				10EA7F99E3484344A0383FF1 /* CDVDevice.m */,
				88AB1B05579E45E3A3B22CB8 /* CDVDevice.h */,
				D47D56191F554260B63D0681 /* CDVStatusBar.m */,
				9CEE625614324D29963D6965 /* CDVStatusBar.h */,
				D0C1671D8E84435BAF2108E1 /* NSString+SSURLEncoding.m */,
				B5DD75B41D4641AE9143D290 /* SocialSharing.m */,
				4069FC235E2C468EA17A8AE7 /* NSString+SSURLEncoding.h */,
				0E18CF57468343BDA772B6C7 /* SocialSharing.h */,
				3E636B98DE5C4D539563F973 /* AppPreferences.m */,
				03382239A1C74E8C86876D21 /* AppPreferences.h */,
				CCD3EC6119C84CEB8132CBDF /* NetTester.m */,
				553E5234A3214689830F7A50 /* CordovaDnstool.swift */,
				6B107FF366004BF49A52DA1F /* NetTester.h */,
				D2FBA05D09F44DAA987AC810 /* CordovaPinlock.swift */,
				EB51BE8944BB40D8AC37FB33 /* JKLLockScreenNumber.m */,
				02AA023E6D5244CEAA1DD9DC /* JKLLockScreenPincodeView.m */,
				C3B13522E6054E7A9B471270 /* JKLLockScreenViewController.m */,
				C71C435B9960453D920F4079 /* JKLLockScreenNumber.h */,
				97478BC825C2400AA336B18D /* JKLLockScreenPincodeView.h */,
				3FDC72340C1540D6BBDA0518 /* JKLLockScreenViewController.h */,
			);
			name = Plugins;
			path = DNSCryptApp/Plugins;
			sourceTree = SOURCE_ROOT;
		};
		633EF3E41FF2AF49009E9EC1 /* DNSCryptAppExt */ = {
			isa = PBXGroup;
			children = (
				636411282080B1FE00C15146 /* Reachability.h */,
				636411262080B1FE00C15146 /* Reachability.m */,
				633EF4041FF2B232009E9EC1 /* DNSCryptThread.h */,
				633EF4031FF2B231009E9EC1 /* DNSCryptThread.m */,
				633EF3E71FF2AF49009E9EC1 /* PacketTunnelProvider.h */,
				633EF3E81FF2AF49009E9EC1 /* PacketTunnelProvider.m */,
				633EF3EA1FF2AF49009E9EC1 /* Info.plist */,
				633EF3E51FF2AF49009E9EC1 /* Supporting Files */,
			);
			path = DNSCryptAppExt;
			sourceTree = "<group>";
		};
		633EF3E51FF2AF49009E9EC1 /* Supporting Files */ = {
			isa = PBXGroup;
			children = (
				633EF3E61FF2AF49009E9EC1 /* DNSCryptAppExt.entitlements */,
			);
			name = "Supporting Files";
			sourceTree = "<group>";
		};
		EB87FDF11871DA420020F90C /* Staging */ = {
			isa = PBXGroup;
			children = (
				F840E1F0165FE0F500CFE078 /* config.xml */,
				301BF56E109A69640062928A /* www */,
			);
			name = Staging;
			sourceTree = "<group>";
		};
/* End PBXGroup section */

/* Begin PBXNativeTarget section */
		1D6058900D05DD3D006BFB54 /* DNSCryptApp */ = {
			isa = PBXNativeTarget;
			buildConfigurationList = 1D6058960D05DD3E006BFB54 /* Build configuration list for PBXNativeTarget "DNSCryptApp" */;
			buildPhases = (
				304B58A110DAC018002A0835 /* Copy www directory */,
				1D60588D0D05DD3D006BFB54 /* Resources */,
				1D60588E0D05DD3D006BFB54 /* Sources */,
				1D60588F0D05DD3D006BFB54 /* Frameworks */,
				633EF3F11FF2AF49009E9EC1 /* Embed App Extensions */,
			);
			buildRules = (
			);
			dependencies = (
				301BF551109A68C00062928A /* PBXTargetDependency */,
				633EF3EC1FF2AF49009E9EC1 /* PBXTargetDependency */,
			);
			name = DNSCryptApp;
			productName = DNSCryptApp;
			productReference = 1D6058910D05DD3D006BFB54 /* DNSCloak.app */;
			productType = "com.apple.product-type.application";
		};
		633EF3E21FF2AF49009E9EC1 /* DNSCryptAppExt */ = {
			isa = PBXNativeTarget;
			buildConfigurationList = 633EF3EE1FF2AF49009E9EC1 /* Build configuration list for PBXNativeTarget "DNSCryptAppExt" */;
			buildPhases = (
				633EF3DF1FF2AF49009E9EC1 /* Sources */,
				633EF3E01FF2AF49009E9EC1 /* Frameworks */,
				633EF3E11FF2AF49009E9EC1 /* Resources */,
			);
			buildRules = (
			);
			dependencies = (
			);
			name = DNSCryptAppExt;
			productName = DNSCryptAppExt;
			productReference = 633EF3E31FF2AF49009E9EC1 /* DNSCryptAppExt.appex */;
			productType = "com.apple.product-type.app-extension";
		};
/* End PBXNativeTarget section */

/* Begin PBXProject section */
		29B97313FDCFA39411CA2CEA /* Project object */ = {
			isa = PBXProject;
			attributes = {
				LastUpgradeCheck = 510;
				TargetAttributes = {
					1D6058900D05DD3D006BFB54 = {
						LastSwiftMigration = 1010;
						ProvisioningStyle = Automatic;
						SystemCapabilities = {
							com.apple.ApplicationGroups.iOS = {
								enabled = 1;
							};
							com.apple.InAppPurchase = {
								enabled = 0;
							};
							com.apple.NetworkExtensions.iOS = {
								enabled = 1;
							};
							com.apple.VPNLite = {
								enabled = 0;
							};
							com.apple.iCloud = {
								enabled = 1;
							};
						};
					};
					633EF3E21FF2AF49009E9EC1 = {
						CreatedOnToolsVersion = 9.2;
						ProvisioningStyle = Automatic;
						SystemCapabilities = {
							com.apple.NetworkExtensions.iOS = {
								enabled = 1;
							};
							com.apple.VPNLite = {
								enabled = 0;
							};
							com.apple.iCloud = {
								enabled = 0;
							};
						};
					};
				};
			};
			buildConfigurationList = C01FCF4E08A954540054247B /* Build configuration list for PBXProject "DNSCryptApp" */;
			compatibilityVersion = "Xcode 3.2";
			developmentRegion = English;
			hasScannedForEncodings = 1;
			knownRegions = (
				English,
				en,
			);
			mainGroup = 29B97314FDCFA39411CA2CEA /* CustomTemplate */;
			productRefGroup = 19C28FACFE9D520D11CA2CBB /* Products */;
			projectDirPath = "";
			projectReferences = (
				{
					ProductGroup = 301BF52E109A57CC0062928A /* Products */;
					ProjectRef = 301BF52D109A57CC0062928A /* CordovaLib/CordovaLib.xcodeproj */;
				},
			);
			projectRoot = "";
			targets = (
				1D6058900D05DD3D006BFB54 /* DNSCryptApp */,
				633EF3E21FF2AF49009E9EC1 /* DNSCryptAppExt */,
			);
		};
/* End PBXProject section */

/* Begin PBXReferenceProxy section */
		301BF535109A57CC0062928A /* libCordova.a */ = {
			isa = PBXReferenceProxy;
			fileType = archive.ar;
			path = libCordova.a;
			remoteRef = 301BF534109A57CC0062928A /* PBXContainerItemProxy */;
			sourceTree = BUILT_PRODUCTS_DIR;
		};
		633EF3DE1FF2AEFD009E9EC1 /* Cordova.framework */ = {
			isa = PBXReferenceProxy;
			fileType = wrapper.framework;
			path = Cordova.framework;
			remoteRef = 633EF3DD1FF2AEFD009E9EC1 /* PBXContainerItemProxy */;
			sourceTree = BUILT_PRODUCTS_DIR;
		};
/* End PBXReferenceProxy section */

/* Begin PBXResourcesBuildPhase section */
		1D60588D0D05DD3D006BFB54 /* Resources */ = {
			isa = PBXResourcesBuildPhase;
			buildActionMask = 2147483647;
			files = (
				302D95F214D2391D003F00A1 /* MainViewController.xib in Resources */,
				0207DA581B56EA530066E2B4 /* Images.xcassets in Resources */,
				6AFF5BF91D6E424B00AB3073 /* CDVLaunchScreen.storyboard in Resources */,
				15FBC4F7D44D42F8A705B212 /* DNSCryptApp.entitlements in Resources */,
				28687504A0334FC4BF0813DC /* CDVNotification.bundle in Resources */,
				7DDB42FCCBBB4557A2B26614 /* JKLLockScreenViewController.xib in Resources */,
				9968253A4EDC47B7B10BA7B8 /* LockScreen.strings in Resources */,
			);
			runOnlyForDeploymentPostprocessing = 0;
		};
		633EF3E11FF2AF49009E9EC1 /* Resources */ = {
			isa = PBXResourcesBuildPhase;
			buildActionMask = 2147483647;
			files = (
			);
			runOnlyForDeploymentPostprocessing = 0;
		};
/* End PBXResourcesBuildPhase section */

/* Begin PBXShellScriptBuildPhase section */
		304B58A110DAC018002A0835 /* Copy www directory */ = {
			isa = PBXShellScriptBuildPhase;
			buildActionMask = 2147483647;
			files = (
			);
			inputPaths = (
			);
			name = "Copy www directory";
			outputPaths = (
			);
			runOnlyForDeploymentPostprocessing = 0;
			shellPath = /bin/sh;
			shellScript = "NODEJS_PATH=/usr/local/bin; NVM_NODE_PATH=~/.nvm/versions/node/`nvm version 2>/dev/null`/bin; N_NODE_PATH=`find /usr/local/n/versions/node/* -maxdepth 0 -type d 2>/dev/null | tail -1`/bin; XCODE_NODE_PATH=`xcode-select --print-path`/usr/share/xcs/Node/bin; PATH=$NODEJS_PATH:$NVM_NODE_PATH:$N_NODE_PATH:$XCODE_NODE_PATH:$PATH && node cordova/lib/copy-www-build-step.js";
			showEnvVarsInLog = 0;
		};
/* End PBXShellScriptBuildPhase section */

/* Begin PBXSourcesBuildPhase section */
		1D60588E0D05DD3D006BFB54 /* Sources */ = {
			isa = PBXSourcesBuildPhase;
			buildActionMask = 2147483647;
			files = (
				1D60589B0D05DD56006BFB54 /* main.m in Sources */,
				1D3623260D0F684500981E51 /* AppDelegate.m in Sources */,
				302D95F114D2391D003F00A1 /* MainViewController.m in Sources */,
				635E7B4F2045ABA90037AD6C /* Migrator.m in Sources */,
				5D577B03ECA3447F89EAC84C /* CDVSplashScreen.m in Sources */,
				6A4F02F6CD1341C7AF2DC928 /* CDVViewController+SplashScreen.m in Sources */,
				7AF96471261445E684589F9D /* CDVIonicKeyboard.m in Sources */,
				0D9A3BB4D76C47829BA3585D /* FilePicker.m in Sources */,
				0BB81122F89347628821B59E /* CDVFile.m in Sources */,
				3D925F093A6F4B12A83855C5 /* CDVLocalFilesystem.m in Sources */,
				CCE2BA5652204DE6B3262541 /* CDVAssetLibraryFilesystem.m in Sources */,
				E52442EAA29F4F82AD7AE5A5 /* CDVInAppBrowser.m in Sources */,
				D153080A99AC477A97E4166E /* CDVInAppBrowserOptions.m in Sources */,
				C2CE6364B8074B9E8B6E0F30 /* CDVInAppBrowserNavigationController.m in Sources */,
				B2272D3342CF4417BB99C455 /* CDVUIInAppBrowser.m in Sources */,
				6834E757A4EF44FF98F9BE1F /* CDVWKInAppBrowser.m in Sources */,
				1172CC57A3F44B7B97656535 /* CDVWKInAppBrowserUIDelegate.m in Sources */,
				B92DCA8DEB484CE88E7A35F4 /* CDVNotification.m in Sources */,
				60CE06B259BF4492A8F68B79 /* NativeStorage.m in Sources */,
				6FED4F97C8F64ECEA5E720ED /* CDVAppRate.m in Sources */,
				8C5B114FF44C470680528F11 /* CDVWKWebViewEngine.m in Sources */,
				C495F87A37DA4395BC5B2101 /* CDVWKWebViewUIDelegate.m in Sources */,
				620424151FA44DF6BB239346 /* CDVWKProcessPoolFactory.m in Sources */,
				AD963AEF00AC48D3B03DE1C6 /* CDVDevice.m in Sources */,
				9E7C0B76E4A945DD823B2C44 /* CDVStatusBar.m in Sources */,
				5F06A85C77F54C68844697DA /* NSString+SSURLEncoding.m in Sources */,
				E7DF9B136B17495EAD1E9DC4 /* SocialSharing.m in Sources */,
				826057D27E4645518690FAC5 /* AppPreferences.m in Sources */,
				08C3C29804DD4A9F886A23D4 /* NetTester.m in Sources */,
				296FD9EB3D474C1899615548 /* CordovaDnstool.swift in Sources */,
				A7B44292AF0F45F186EF39EE /* CordovaPinlock.swift in Sources */,
				C43609FBFD5F4EA4948C6362 /* JKLLockScreenNumber.m in Sources */,
				36E32200A4114B19A978EBE4 /* JKLLockScreenPincodeView.m in Sources */,
				FD96086452E047A7AD536697 /* JKLLockScreenViewController.m in Sources */,
			);
			runOnlyForDeploymentPostprocessing = 0;
		};
		633EF3DF1FF2AF49009E9EC1 /* Sources */ = {
			isa = PBXSourcesBuildPhase;
			buildActionMask = 2147483647;
			files = (
				633EF4071FF2B232009E9EC1 /* DNSCryptThread.m in Sources */,
				635E7BB3204998C60037AD6C /* Migrator.m in Sources */,
				63D63F25224E3D3F00220379 /* NetTester.m in Sources */,
				633EF3E91FF2AF49009E9EC1 /* PacketTunnelProvider.m in Sources */,
				636411292080B1FE00C15146 /* Reachability.m in Sources */,
			);
			runOnlyForDeploymentPostprocessing = 0;
		};
/* End PBXSourcesBuildPhase section */

/* Begin PBXTargetDependency section */
		301BF551109A68C00062928A /* PBXTargetDependency */ = {
			isa = PBXTargetDependency;
			name = CordovaLib;
			targetProxy = 301BF550109A68C00062928A /* PBXContainerItemProxy */;
		};
		633EF3EC1FF2AF49009E9EC1 /* PBXTargetDependency */ = {
			isa = PBXTargetDependency;
			target = 633EF3E21FF2AF49009E9EC1 /* DNSCryptAppExt */;
			targetProxy = 633EF3EB1FF2AF49009E9EC1 /* PBXContainerItemProxy */;
		};
/* End PBXTargetDependency section */

/* Begin XCBuildConfiguration section */
		1D6058940D05DD3E006BFB54 /* Debug */ = {
			isa = XCBuildConfiguration;
			baseConfigurationReference = 3047A50F1AB8059700498E2A /* build-debug.xcconfig */;
			buildSettings = {
				ALWAYS_SEARCH_USER_PATHS = NO;
				ASSETCATALOG_COMPILER_APPICON_NAME = AppIcon;
				CLANG_ENABLE_MODULES = YES;
				CLANG_ENABLE_OBJC_ARC = YES;
				CODE_SIGN_ENTITLEMENTS = DNSCryptApp/Resources/DNSCryptApp.entitlements;
				CODE_SIGN_IDENTITY = "iPhone Developer";
				"CODE_SIGN_IDENTITY[sdk=iphoneos*]" = "iPhone Developer";
				CODE_SIGN_STYLE = Automatic;
				CURRENT_PROJECT_VERSION = 0.3.0;
				DEFINES_MODULE = YES;
				DEVELOPMENT_TEAM = "";
				FRAMEWORK_SEARCH_PATHS = (
					"$(inherited)",
					"$(PROJECT_DIR)",
				);
				GCC_DYNAMIC_NO_PIC = NO;
				GCC_OPTIMIZATION_LEVEL = 0;
				GCC_PRECOMPILE_PREFIX_HEADER = YES;
				GCC_PREFIX_HEADER = "DNSCryptApp/DNSCryptApp-Prefix.pch";
				GCC_THUMB_SUPPORT = NO;
				GCC_VERSION = "";
				INFOPLIST_FILE = "DNSCryptApp/DNSCryptApp-Info.plist";
				LD_RUNPATH_SEARCH_PATHS = "@executable_path/Frameworks";
				LIBRARY_SEARCH_PATHS = (
					"$(PROJECT_DIR)/DNSCryptAppExt",
					"$(inherited)",
				);
				PRODUCT_BUNDLE_IDENTIFIER = org.techcultivation.dnscloak;
				PRODUCT_NAME = DNSCloak;
				PROVISIONING_PROFILE_SPECIFIER = "";
				SWIFT_VERSION = 4.2;
				TARGETED_DEVICE_FAMILY = "1,2";
			};
			name = Debug;
		};
		1D6058950D05DD3E006BFB54 /* Release */ = {
			isa = XCBuildConfiguration;
			baseConfigurationReference = 3047A5101AB8059700498E2A /* build-release.xcconfig */;
			buildSettings = {
				ALWAYS_SEARCH_USER_PATHS = NO;
				ASSETCATALOG_COMPILER_APPICON_NAME = AppIcon;
				CLANG_ENABLE_MODULES = YES;
				CLANG_ENABLE_OBJC_ARC = YES;
				CODE_SIGN_ENTITLEMENTS = DNSCryptApp/Resources/DNSCryptApp.entitlements;
				CODE_SIGN_IDENTITY = "iPhone Developer";
				"CODE_SIGN_IDENTITY[sdk=iphoneos*]" = "iPhone Developer";
				CODE_SIGN_STYLE = Automatic;
				CURRENT_PROJECT_VERSION = 0.3.0;
				DEFINES_MODULE = YES;
				DEVELOPMENT_TEAM = "";
				FRAMEWORK_SEARCH_PATHS = (
					"$(inherited)",
					"$(PROJECT_DIR)",
				);
				GCC_PRECOMPILE_PREFIX_HEADER = YES;
				GCC_PREFIX_HEADER = "DNSCryptApp/DNSCryptApp-Prefix.pch";
				GCC_THUMB_SUPPORT = NO;
				GCC_VERSION = "";
				INFOPLIST_FILE = "DNSCryptApp/DNSCryptApp-Info.plist";
				LD_RUNPATH_SEARCH_PATHS = "@executable_path/Frameworks";
				LIBRARY_SEARCH_PATHS = (
					"$(PROJECT_DIR)/DNSCryptAppExt",
					"$(inherited)",
				);
				PRODUCT_BUNDLE_IDENTIFIER = org.techcultivation.dnscloak;
				PRODUCT_NAME = DNSCloak;
				PROVISIONING_PROFILE_SPECIFIER = "";
				SWIFT_VERSION = 4.2;
				TARGETED_DEVICE_FAMILY = "1,2";
			};
			name = Release;
		};
		633EF3EF1FF2AF49009E9EC1 /* Debug */ = {
			isa = XCBuildConfiguration;
			buildSettings = {
				ALWAYS_SEARCH_USER_PATHS = NO;
				CLANG_ANALYZER_NONNULL = YES;
				CLANG_ANALYZER_NUMBER_OBJECT_CONVERSION = YES_AGGRESSIVE;
				CLANG_CXX_LANGUAGE_STANDARD = "gnu++14";
				CLANG_CXX_LIBRARY = "libc++";
				CLANG_WARN_BLOCK_CAPTURE_AUTORELEASING = YES;
				CLANG_WARN_COMMA = YES;
				CLANG_WARN_DIRECT_OBJC_ISA_USAGE = YES_ERROR;
				CLANG_WARN_DOCUMENTATION_COMMENTS = YES;
				CLANG_WARN_INFINITE_RECURSION = YES;
				CLANG_WARN_NON_LITERAL_NULL_CONVERSION = YES;
				CLANG_WARN_OBJC_LITERAL_CONVERSION = YES;
				CLANG_WARN_OBJC_ROOT_CLASS = YES_ERROR;
				CLANG_WARN_RANGE_LOOP_ANALYSIS = YES;
				CLANG_WARN_STRICT_PROTOTYPES = YES;
				CLANG_WARN_SUSPICIOUS_MOVE = YES;
				CLANG_WARN_UNGUARDED_AVAILABILITY = YES_AGGRESSIVE;
				CLANG_WARN_UNREACHABLE_CODE = YES;
				CODE_SIGN_ENTITLEMENTS = DNSCryptApp/Resources/DNSCryptApp.entitlements;
				CODE_SIGN_IDENTITY = "iPhone Developer";
				CODE_SIGN_STYLE = Automatic;
				CURRENT_PROJECT_VERSION = 0.3.0;
				DEBUG_INFORMATION_FORMAT = dwarf;
				DEVELOPMENT_TEAM = "";
				ENABLE_STRICT_OBJC_MSGSEND = YES;
				ENABLE_TESTABILITY = YES;
				FRAMEWORK_SEARCH_PATHS = (
					"$(inherited)",
					"$(PROJECT_DIR)",
				);
				GCC_C_LANGUAGE_STANDARD = gnu11;
				GCC_DYNAMIC_NO_PIC = NO;
				GCC_NO_COMMON_BLOCKS = YES;
				GCC_OPTIMIZATION_LEVEL = 0;
				GCC_PREPROCESSOR_DEFINITIONS = (
					"DEBUG=1",
					"$(inherited)",
				);
				GCC_WARN_64_TO_32_BIT_CONVERSION = YES;
				GCC_WARN_ABOUT_RETURN_TYPE = YES_ERROR;
				GCC_WARN_UNINITIALIZED_AUTOS = YES_AGGRESSIVE;
				INFOPLIST_FILE = DNSCryptAppExt/Info.plist;
				LD_RUNPATH_SEARCH_PATHS = "$(inherited) @executable_path/Frameworks @executable_path/../../Frameworks";
				LIBRARY_SEARCH_PATHS = (
					"$(PROJECT_DIR)/DNSCryptAppExt",
					"$(PROJECT_DIR)",
					"$(inherited)",
				);
				MTL_ENABLE_DEBUG_INFO = YES;
				PRODUCT_BUNDLE_IDENTIFIER = org.techcultivation.dnscloak.DNSCryptAppExt;
				PRODUCT_NAME = "$(TARGET_NAME)";
				PROVISIONING_PROFILE_SPECIFIER = "";
				SKIP_INSTALL = YES;
				TARGETED_DEVICE_FAMILY = "1,2";
			};
			name = Debug;
		};
		633EF3F01FF2AF49009E9EC1 /* Release */ = {
			isa = XCBuildConfiguration;
			buildSettings = {
				ALWAYS_SEARCH_USER_PATHS = NO;
				CLANG_ANALYZER_NONNULL = YES;
				CLANG_ANALYZER_NUMBER_OBJECT_CONVERSION = YES_AGGRESSIVE;
				CLANG_CXX_LANGUAGE_STANDARD = "gnu++14";
				CLANG_CXX_LIBRARY = "libc++";
				CLANG_WARN_BLOCK_CAPTURE_AUTORELEASING = YES;
				CLANG_WARN_COMMA = YES;
				CLANG_WARN_DIRECT_OBJC_ISA_USAGE = YES_ERROR;
				CLANG_WARN_DOCUMENTATION_COMMENTS = YES;
				CLANG_WARN_INFINITE_RECURSION = YES;
				CLANG_WARN_NON_LITERAL_NULL_CONVERSION = YES;
				CLANG_WARN_OBJC_LITERAL_CONVERSION = YES;
				CLANG_WARN_OBJC_ROOT_CLASS = YES_ERROR;
				CLANG_WARN_RANGE_LOOP_ANALYSIS = YES;
				CLANG_WARN_STRICT_PROTOTYPES = YES;
				CLANG_WARN_SUSPICIOUS_MOVE = YES;
				CLANG_WARN_UNGUARDED_AVAILABILITY = YES_AGGRESSIVE;
				CLANG_WARN_UNREACHABLE_CODE = YES;
				CODE_SIGN_ENTITLEMENTS = DNSCryptApp/Resources/DNSCryptApp.entitlements;
				CODE_SIGN_IDENTITY = "iPhone Developer";
				CODE_SIGN_STYLE = Automatic;
				CURRENT_PROJECT_VERSION = 0.3.0;
				DEBUG_INFORMATION_FORMAT = "dwarf-with-dsym";
				DEVELOPMENT_TEAM = "";
				ENABLE_NS_ASSERTIONS = NO;
				ENABLE_STRICT_OBJC_MSGSEND = YES;
				FRAMEWORK_SEARCH_PATHS = (
					"$(inherited)",
					"$(PROJECT_DIR)",
				);
				GCC_C_LANGUAGE_STANDARD = gnu11;
				GCC_NO_COMMON_BLOCKS = YES;
				GCC_WARN_64_TO_32_BIT_CONVERSION = YES;
				GCC_WARN_ABOUT_RETURN_TYPE = YES_ERROR;
				GCC_WARN_UNINITIALIZED_AUTOS = YES_AGGRESSIVE;
				INFOPLIST_FILE = DNSCryptAppExt/Info.plist;
				LD_RUNPATH_SEARCH_PATHS = "$(inherited) @executable_path/Frameworks @executable_path/../../Frameworks";
				LIBRARY_SEARCH_PATHS = (
					"$(PROJECT_DIR)/DNSCryptAppExt",
					"$(PROJECT_DIR)",
					"$(inherited)",
				);
				MTL_ENABLE_DEBUG_INFO = NO;
				PRODUCT_BUNDLE_IDENTIFIER = org.techcultivation.dnscloak.DNSCryptAppExt;
				PRODUCT_NAME = "$(TARGET_NAME)";
				PROVISIONING_PROFILE_SPECIFIER = "";
				SKIP_INSTALL = YES;
				TARGETED_DEVICE_FAMILY = "1,2";
				VALIDATE_PRODUCT = YES;
			};
			name = Release;
		};
		C01FCF4F08A954540054247B /* Debug */ = {
			isa = XCBuildConfiguration;
			baseConfigurationReference = 3047A5111AB8059700498E2A /* build.xcconfig */;
			buildSettings = {
				CLANG_ENABLE_MODULES = YES;
				CLANG_ENABLE_OBJC_ARC = YES;
				CLANG_WARN_BLOCK_CAPTURE_AUTORELEASING = YES;
				CLANG_WARN_BOOL_CONVERSION = YES;
				CLANG_WARN_COMMA = YES;
				CLANG_WARN_CONSTANT_CONVERSION = YES;
				CLANG_WARN_DEPRECATED_OBJC_IMPLEMENTATIONS = YES;
				CLANG_WARN_EMPTY_BODY = YES;
				CLANG_WARN_ENUM_CONVERSION = YES;
				CLANG_WARN_INFINITE_RECURSION = YES;
				CLANG_WARN_INT_CONVERSION = YES;
				CLANG_WARN_NON_LITERAL_NULL_CONVERSION = YES;
				CLANG_WARN_OBJC_IMPLICIT_RETAIN_SELF = NO;
				CLANG_WARN_OBJC_LITERAL_CONVERSION = YES;
				CLANG_WARN_RANGE_LOOP_ANALYSIS = YES;
				CLANG_WARN_STRICT_PROTOTYPES = YES;
				CLANG_WARN_SUSPICIOUS_MOVE = YES;
				CLANG_WARN_UNREACHABLE_CODE = YES;
				CLANG_WARN__DUPLICATE_METHOD_MATCH = YES;
				CODE_SIGN_ENTITLEMENTS = DNSCryptApp/Resources/DNSCryptApp.entitlements;
				ENABLE_STRICT_OBJC_MSGSEND = YES;
				ENABLE_TESTABILITY = YES;
				GCC_C_LANGUAGE_STANDARD = c99;
				GCC_NO_COMMON_BLOCKS = YES;
				GCC_THUMB_SUPPORT = NO;
				GCC_VERSION = "";
				GCC_WARN_64_TO_32_BIT_CONVERSION = YES;
				GCC_WARN_ABOUT_RETURN_TYPE = YES;
				GCC_WARN_UNDECLARED_SELECTOR = YES;
				GCC_WARN_UNINITIALIZED_AUTOS = YES;
				GCC_WARN_UNUSED_FUNCTION = YES;
				GCC_WARN_UNUSED_VARIABLE = YES;
				IPHONEOS_DEPLOYMENT_TARGET = 10.0;
				ONLY_ACTIVE_ARCH = YES;
				PRODUCT_BUNDLE_IDENTIFIER = org.techcultivation.dnscloak;
				SDKROOT = iphoneos;
				SKIP_INSTALL = NO;
			};
			name = Debug;
		};
		C01FCF5008A954540054247B /* Release */ = {
			isa = XCBuildConfiguration;
			baseConfigurationReference = 3047A5111AB8059700498E2A /* build.xcconfig */;
			buildSettings = {
				CLANG_ENABLE_MODULES = YES;
				CLANG_ENABLE_OBJC_ARC = YES;
				CLANG_WARN_BLOCK_CAPTURE_AUTORELEASING = YES;
				CLANG_WARN_BOOL_CONVERSION = YES;
				CLANG_WARN_COMMA = YES;
				CLANG_WARN_CONSTANT_CONVERSION = YES;
				CLANG_WARN_DEPRECATED_OBJC_IMPLEMENTATIONS = YES;
				CLANG_WARN_EMPTY_BODY = YES;
				CLANG_WARN_ENUM_CONVERSION = YES;
				CLANG_WARN_INFINITE_RECURSION = YES;
				CLANG_WARN_INT_CONVERSION = YES;
				CLANG_WARN_NON_LITERAL_NULL_CONVERSION = YES;
				CLANG_WARN_OBJC_IMPLICIT_RETAIN_SELF = NO;
				CLANG_WARN_OBJC_LITERAL_CONVERSION = YES;
				CLANG_WARN_RANGE_LOOP_ANALYSIS = YES;
				CLANG_WARN_STRICT_PROTOTYPES = YES;
				CLANG_WARN_SUSPICIOUS_MOVE = YES;
				CLANG_WARN_UNREACHABLE_CODE = YES;
				CLANG_WARN__DUPLICATE_METHOD_MATCH = YES;
				CODE_SIGN_ENTITLEMENTS = DNSCryptApp/Resources/DNSCryptApp.entitlements;
				ENABLE_STRICT_OBJC_MSGSEND = YES;
				GCC_C_LANGUAGE_STANDARD = c99;
				GCC_NO_COMMON_BLOCKS = YES;
				GCC_THUMB_SUPPORT = NO;
				GCC_VERSION = "";
				GCC_WARN_64_TO_32_BIT_CONVERSION = YES;
				GCC_WARN_ABOUT_RETURN_TYPE = YES;
				GCC_WARN_UNDECLARED_SELECTOR = YES;
				GCC_WARN_UNINITIALIZED_AUTOS = YES;
				GCC_WARN_UNUSED_FUNCTION = YES;
				GCC_WARN_UNUSED_VARIABLE = YES;
				IPHONEOS_DEPLOYMENT_TARGET = 10.0;
				PRODUCT_BUNDLE_IDENTIFIER = org.techcultivation.dnscloak;
				SDKROOT = iphoneos;
				SKIP_INSTALL = NO;
			};
			name = Release;
		};
/* End XCBuildConfiguration section */

/* Begin XCConfigurationList section */
		1D6058960D05DD3E006BFB54 /* Build configuration list for PBXNativeTarget "DNSCryptApp" */ = {
			isa = XCConfigurationList;
			buildConfigurations = (
				1D6058940D05DD3E006BFB54 /* Debug */,
				1D6058950D05DD3E006BFB54 /* Release */,
			);
			defaultConfigurationIsVisible = 0;
			defaultConfigurationName = Release;
		};
		633EF3EE1FF2AF49009E9EC1 /* Build configuration list for PBXNativeTarget "DNSCryptAppExt" */ = {
			isa = XCConfigurationList;
			buildConfigurations = (
				633EF3EF1FF2AF49009E9EC1 /* Debug */,
				633EF3F01FF2AF49009E9EC1 /* Release */,
			);
			defaultConfigurationIsVisible = 0;
			defaultConfigurationName = Release;
		};
		C01FCF4E08A954540054247B /* Build configuration list for PBXProject "DNSCryptApp" */ = {
			isa = XCConfigurationList;
			buildConfigurations = (
				C01FCF4F08A954540054247B /* Debug */,
				C01FCF5008A954540054247B /* Release */,
			);
			defaultConfigurationIsVisible = 0;
			defaultConfigurationName = Release;
		};
/* End XCConfigurationList section */
	};
	rootObject = 29B97313FDCFA39411CA2CEA /* Project object */;
}
